
Microsoft Visual Studio Solution File, Format Version 12.00
# Visual Studio Version 17
VisualStudioVersion = 17.14.36414.22 d17.14
MinimumVisualStudioVersion = 10.0.40219.1
Project("{FAE04EC0-301F-11D3-BF4B-00C04F79EFBC}") = "jewellary", "jewellary\jewellary.csproj", "{2F1BCB10-C3F0-4148-BC2A-59C3310B18A2}"
EndProject
Global
	GlobalSection(SolutionConfigurationPlatforms) = preSolution
		Debug|Any CPU = Debug|Any CPU
		Release|Any CPU = Release|Any CPU
	EndGlobalSection
	GlobalSection(ProjectConfigurationPlatforms) = postSolution
		{2F1BCB10-C3F0-4148-BC2A-59C3310B18A2}.Debug|Any CPU.ActiveCfg = Debug|Any CPU
		{2F1BCB10-C3F0-4148-BC2A-59C3310B18A2}.Debug|Any CPU.Build.0 = Debug|Any CPU
		{2F1BCB10-C3F0-4148-BC2A-59C3310B18A2}.Release|Any CPU.ActiveCfg = Release|Any CPU
		{2F1BCB10-C3F0-4148-BC2A-59C3310B18A2}.Release|Any CPU.Build.0 = Release|Any CPU
	EndGlobalSection
	GlobalSection(SolutionProperties) = preSolution
		HideSolutionNode = FALSE
	EndGlobalSection
	GlobalSection(ExtensibilityGlobals) = postSolution
		SolutionGuid = {03DD8637-7CFC-4448-A9E0-C31F3A3540B4}
	EndGlobalSection
EndGlobal
